// !$*UTF8*$!
{
	archiveVersion = 1;
	classes = {
	};
	objectVersion = 48;
	objects = {

/* Begin PBXBuildFile section */
		5C14D10F20597EC200169DBE /* AppDelegate.swift in Sources */ = {isa = PBXBuildFile; fileRef = 5C14D10E20597EC200169DBE /* AppDelegate.swift */; };
		5C14D11120597EC200169DBE /* ViewController.swift in Sources */ = {isa = PBXBuildFile; fileRef = 5C14D11020597EC200169DBE /* ViewController.swift */; };
		5C14D11420597EC200169DBE /* Main.storyboard in Resources */ = {isa = PBXBuildFile; fileRef = 5C14D11220597EC200169DBE /* Main.storyboard */; };
		5C14D11720597EC200169DBE /* EpitechEisenhower.xcdatamodeld in Sources */ = {isa = PBXBuildFile; fileRef = 5C14D11520597EC200169DBE /* EpitechEisenhower.xcdatamodeld */; };
		5C14D11920597EC200169DBE /* Assets.xcassets in Resources */ = {isa = PBXBuildFile; fileRef = 5C14D11820597EC200169DBE /* Assets.xcassets */; };
		5C14D11C20597EC200169DBE /* LaunchScreen.storyboard in Resources */ = {isa = PBXBuildFile; fileRef = 5C14D11A20597EC200169DBE /* LaunchScreen.storyboard */; };
		5C14D12720597EC200169DBE /* EpitechEisenhowerTests.swift in Sources */ = {isa = PBXBuildFile; fileRef = 5C14D12620597EC200169DBE /* EpitechEisenhowerTests.swift */; };
		5C14D13220597EC200169DBE /* EpitechEisenhowerUITests.swift in Sources */ = {isa = PBXBuildFile; fileRef = 5C14D13120597EC200169DBE /* EpitechEisenhowerUITests.swift */; };
/* End PBXBuildFile section */

/* Begin PBXContainerItemProxy section */
		5C14D12320597EC200169DBE /* PBXContainerItemProxy */ = {
			isa = PBXContainerItemProxy;
			containerPortal = 5C14D10320597EC200169DBE /* Project object */;
			proxyType = 1;
			remoteGlobalIDString = 5C14D10A20597EC200169DBE;
			remoteInfo = EpitechEisenhower;
		};
		5C14D12E20597EC200169DBE /* PBXContainerItemProxy */ = {
			isa = PBXContainerItemProxy;
			containerPortal = 5C14D10320597EC200169DBE /* Project object */;
			proxyType = 1;
			remoteGlobalIDString = 5C14D10A20597EC200169DBE;
			remoteInfo = EpitechEisenhower;
		};
/* End PBXContainerItemProxy section */

/* Begin PBXFileReference section */
		5C14D10B20597EC200169DBE /* EpitechEisenhower.app */ = {isa = PBXFileReference; explicitFileType = wrapper.application; includeInIndex = 0; path = EpitechEisenhower.app; sourceTree = BUILT_PRODUCTS_DIR; };
		5C14D10E20597EC200169DBE /* AppDelegate.swift */ = {isa = PBXFileReference; lastKnownFileType = sourcecode.swift; path = AppDelegate.swift; sourceTree = "<group>"; };
		5C14D11020597EC200169DBE /* ViewController.swift */ = {isa = PBXFileReference; lastKnownFileType = sourcecode.swift; path = ViewController.swift; sourceTree = "<group>"; };
		5C14D11320597EC200169DBE /* Base */ = {isa = PBXFileReference; lastKnownFileType = file.storyboard; name = Base; path = Base.lproj/Main.storyboard; sourceTree = "<group>"; };
		5C14D11620597EC200169DBE /* EpitechEisenhower.xcdatamodel */ = {isa = PBXFileReference; lastKnownFileType = wrapper.xcdatamodel; path = EpitechEisenhower.xcdatamodel; sourceTree = "<group>"; };
		5C14D11820597EC200169DBE /* Assets.xcassets */ = {isa = PBXFileReference; lastKnownFileType = folder.assetcatalog; path = Assets.xcassets; sourceTree = "<group>"; };
		5C14D11B20597EC200169DBE /* Base */ = {isa = PBXFileReference; lastKnownFileType = file.storyboard; name = Base; path = Base.lproj/LaunchScreen.storyboard; sourceTree = "<group>"; };
		5C14D11D20597EC200169DBE /* Info.plist */ = {isa = PBXFileReference; lastKnownFileType = text.plist.xml; path = Info.plist; sourceTree = "<group>"; };
		5C14D12220597EC200169DBE /* EpitechEisenhowerTests.xctest */ = {isa = PBXFileReference; explicitFileType = wrapper.cfbundle; includeInIndex = 0; path = EpitechEisenhowerTests.xctest; sourceTree = BUILT_PRODUCTS_DIR; };
		5C14D12620597EC200169DBE /* EpitechEisenhowerTests.swift */ = {isa = PBXFileReference; lastKnownFileType = sourcecode.swift; path = EpitechEisenhowerTests.swift; sourceTree = "<group>"; };
		5C14D12820597EC200169DBE /* Info.plist */ = {isa = PBXFileReference; lastKnownFileType = text.plist.xml; path = Info.plist; sourceTree = "<group>"; };
		5C14D12D20597EC200169DBE /* EpitechEisenhowerUITests.xctest */ = {isa = PBXFileReference; explicitFileType = wrapper.cfbundle; includeInIndex = 0; path = EpitechEisenhowerUITests.xctest; sourceTree = BUILT_PRODUCTS_DIR; };
		5C14D13120597EC200169DBE /* EpitechEisenhowerUITests.swift */ = {isa = PBXFileReference; lastKnownFileType = sourcecode.swift; path = EpitechEisenhowerUITests.swift; sourceTree = "<group>"; };
		5C14D13320597EC300169DBE /* Info.plist */ = {isa = PBXFileReference; lastKnownFileType = text.plist.xml; path = Info.plist; sourceTree = "<group>"; };
/* End PBXFileReference section */

/* Begin PBXFrameworksBuildPhase section */
		5C14D10820597EC200169DBE /* Frameworks */ = {
			isa = PBXFrameworksBuildPhase;
			buildActionMask = 2147483647;
			files = (
			);
			runOnlyForDeploymentPostprocessing = 0;
		};
		5C14D11F20597EC200169DBE /* Frameworks */ = {
			isa = PBXFrameworksBuildPhase;
			buildActionMask = 2147483647;
			files = (
			);
			runOnlyForDeploymentPostprocessing = 0;
		};
		5C14D12A20597EC200169DBE /* Frameworks */ = {
			isa = PBXFrameworksBuildPhase;
			buildActionMask = 2147483647;
			files = (
			);
			runOnlyForDeploymentPostprocessing = 0;
		};
/* End PBXFrameworksBuildPhase section */

/* Begin PBXGroup section */
		5C14D10220597EC200169DBE = {
			isa = PBXGroup;
			children = (
				5C14D10D20597EC200169DBE /* EpitechEisenhower */,
				5C14D12520597EC200169DBE /* EpitechEisenhowerTests */,
				5C14D13020597EC200169DBE /* EpitechEisenhowerUITests */,
				5C14D10C20597EC200169DBE /* Products */,
			);
			sourceTree = "<group>";
		};
		5C14D10C20597EC200169DBE /* Products */ = {
			isa = PBXGroup;
			children = (
				5C14D10B20597EC200169DBE /* EpitechEisenhower.app */,
				5C14D12220597EC200169DBE /* EpitechEisenhowerTests.xctest */,
				5C14D12D20597EC200169DBE /* EpitechEisenhowerUITests.xctest */,
			);
			name = Products;
			sourceTree = "<group>";
		};
		5C14D10D20597EC200169DBE /* EpitechEisenhower */ = {
			isa = PBXGroup;
			children = (
				5C14D10E20597EC200169DBE /* AppDelegate.swift */,
				5C14D11020597EC200169DBE /* ViewController.swift */,
				5C14D11220597EC200169DBE /* Main.storyboard */,
				5C14D11820597EC200169DBE /* Assets.xcassets */,
				5C14D11A20597EC200169DBE /* LaunchScreen.storyboard */,
				5C14D11D20597EC200169DBE /* Info.plist */,
				5C14D11520597EC200169DBE /* EpitechEisenhower.xcdatamodeld */,
			);
			path = EpitechEisenhower;
			sourceTree = "<group>";
		};
		5C14D12520597EC200169DBE /* EpitechEisenhowerTests */ = {
			isa = PBXGroup;
			children = (
				5C14D12620597EC200169DBE /* EpitechEisenhowerTests.swift */,
				5C14D12820597EC200169DBE /* Info.plist */,
			);
			path = EpitechEisenhowerTests;
			sourceTree = "<group>";
		};
		5C14D13020597EC200169DBE /* EpitechEisenhowerUITests */ = {
			isa = PBXGroup;
			children = (
				5C14D13120597EC200169DBE /* EpitechEisenhowerUITests.swift */,
				5C14D13320597EC300169DBE /* Info.plist */,
			);
			path = EpitechEisenhowerUITests;
			sourceTree = "<group>";
		};
/* End PBXGroup section */

/* Begin PBXNativeTarget section */
		5C14D10A20597EC200169DBE /* EpitechEisenhower */ = {
			isa = PBXNativeTarget;
			buildConfigurationList = 5C14D13620597EC300169DBE /* Build configuration list for PBXNativeTarget "EpitechEisenhower" */;
			buildPhases = (
				5C14D10720597EC200169DBE /* Sources */,
				5C14D10820597EC200169DBE /* Frameworks */,
				5C14D10920597EC200169DBE /* Resources */,
			);
			buildRules = (
			);
			dependencies = (
			);
			name = EpitechEisenhower;
			productName = EpitechEisenhower;
			productReference = 5C14D10B20597EC200169DBE /* EpitechEisenhower.app */;
			productType = "com.apple.product-type.application";
		};
		5C14D12120597EC200169DBE /* EpitechEisenhowerTests */ = {
			isa = PBXNativeTarget;
			buildConfigurationList = 5C14D13920597EC300169DBE /* Build configuration list for PBXNativeTarget "EpitechEisenhowerTests" */;
			buildPhases = (
				5C14D11E20597EC200169DBE /* Sources */,
				5C14D11F20597EC200169DBE /* Frameworks */,
				5C14D12020597EC200169DBE /* Resources */,
			);
			buildRules = (
			);
			dependencies = (
				5C14D12420597EC200169DBE /* PBXTargetDependency */,
			);
			name = EpitechEisenhowerTests;
			productName = EpitechEisenhowerTests;
			productReference = 5C14D12220597EC200169DBE /* EpitechEisenhowerTests.xctest */;
			productType = "com.apple.product-type.bundle.unit-test";
		};
		5C14D12C20597EC200169DBE /* EpitechEisenhowerUITests */ = {
			isa = PBXNativeTarget;
			buildConfigurationList = 5C14D13C20597EC300169DBE /* Build configuration list for PBXNativeTarget "EpitechEisenhowerUITests" */;
			buildPhases = (
				5C14D12920597EC200169DBE /* Sources */,
				5C14D12A20597EC200169DBE /* Frameworks */,
				5C14D12B20597EC200169DBE /* Resources */,
			);
			buildRules = (
			);
			dependencies = (
				5C14D12F20597EC200169DBE /* PBXTargetDependency */,
			);
			name = EpitechEisenhowerUITests;
			productName = EpitechEisenhowerUITests;
			productReference = 5C14D12D20597EC200169DBE /* EpitechEisenhowerUITests.xctest */;
			productType = "com.apple.product-type.bundle.ui-testing";
		};
/* End PBXNativeTarget section */

/* Begin PBXProject section */
		5C14D10320597EC200169DBE /* Project object */ = {
			isa = PBXProject;
			attributes = {
				LastSwiftUpdateCheck = 0920;
				LastUpgradeCheck = 0920;
				ORGANIZATIONNAME = "Epitech Project";
				TargetAttributes = {
					5C14D10A20597EC200169DBE = {
						CreatedOnToolsVersion = 9.2;
						ProvisioningStyle = Automatic;
					};
					5C14D12120597EC200169DBE = {
						CreatedOnToolsVersion = 9.2;
						ProvisioningStyle = Automatic;
						TestTargetID = 5C14D10A20597EC200169DBE;
					};
					5C14D12C20597EC200169DBE = {
						CreatedOnToolsVersion = 9.2;
						ProvisioningStyle = Automatic;
						TestTargetID = 5C14D10A20597EC200169DBE;
					};
				};
			};
			buildConfigurationList = 5C14D10620597EC200169DBE /* Build configuration list for PBXProject "EpitechEisenhower" */;
			compatibilityVersion = "Xcode 8.0";
			developmentRegion = en;
			hasScannedForEncodings = 0;
			knownRegions = (
				en,
				Base,
			);
			mainGroup = 5C14D10220597EC200169DBE;
			productRefGroup = 5C14D10C20597EC200169DBE /* Products */;
			projectDirPath = "";
			projectRoot = "";
			targets = (
				5C14D10A20597EC200169DBE /* EpitechEisenhower */,
				5C14D12120597EC200169DBE /* EpitechEisenhowerTests */,
				5C14D12C20597EC200169DBE /* EpitechEisenhowerUITests */,
			);
		};
/* End PBXProject section */

/* Begin PBXResourcesBuildPhase section */
		5C14D10920597EC200169DBE /* Resources */ = {
			isa = PBXResourcesBuildPhase;
			buildActionMask = 2147483647;
			files = (
				5C14D11C20597EC200169DBE /* LaunchScreen.storyboard in Resources */,
				5C14D11920597EC200169DBE /* Assets.xcassets in Resources */,
				5C14D11420597EC200169DBE /* Main.storyboard in Resources */,
			);
			runOnlyForDeploymentPostprocessing = 0;
		};
		5C14D12020597EC200169DBE /* Resources */ = {
			isa = PBXResourcesBuildPhase;
			buildActionMask = 2147483647;
			files = (
			);
			runOnlyForDeploymentPostprocessing = 0;
		};
		5C14D12B20597EC200169DBE /* Resources */ = {
			isa = PBXResourcesBuildPhase;
			buildActionMask = 2147483647;
			files = (
			);
			runOnlyForDeploymentPostprocessing = 0;
		};
/* End PBXResourcesBuildPhase section */

/* Begin PBXSourcesBuildPhase section */
		5C14D10720597EC200169DBE /* Sources */ = {
			isa = PBXSourcesBuildPhase;
			buildActionMask = 2147483647;
			files = (
				5C14D11120597EC200169DBE /* ViewController.swift in Sources */,
				5C14D11720597EC200169DBE /* EpitechEisenhower.xcdatamodeld in Sources */,
				5C14D10F20597EC200169DBE /* AppDelegate.swift in Sources */,
			);
			runOnlyForDeploymentPostprocessing = 0;
		};
		5C14D11E20597EC200169DBE /* Sources */ = {
			isa = PBXSourcesBuildPhase;
			buildActionMask = 2147483647;
			files = (
				5C14D12720597EC200169DBE /* EpitechEisenhowerTests.swift in Sources */,
			);
			runOnlyForDeploymentPostprocessing = 0;
		};
		5C14D12920597EC200169DBE /* Sources */ = {
			isa = PBXSourcesBuildPhase;
			buildActionMask = 2147483647;
			files = (
				5C14D13220597EC200169DBE /* EpitechEisenhowerUITests.swift in Sources */,
			);
			runOnlyForDeploymentPostprocessing = 0;
		};
/* End PBXSourcesBuildPhase section */

/* Begin PBXTargetDependency section */
		5C14D12420597EC200169DBE /* PBXTargetDependency */ = {
			isa = PBXTargetDependency;
			target = 5C14D10A20597EC200169DBE /* EpitechEisenhower */;
			targetProxy = 5C14D12320597EC200169DBE /* PBXContainerItemProxy */;
		};
		5C14D12F20597EC200169DBE /* PBXTargetDependency */ = {
			isa = PBXTargetDependency;
			target = 5C14D10A20597EC200169DBE /* EpitechEisenhower */;
			targetProxy = 5C14D12E20597EC200169DBE /* PBXContainerItemProxy */;
		};
/* End PBXTargetDependency section */

/* Begin PBXVariantGroup section */
		5C14D11220597EC200169DBE /* Main.storyboard */ = {
			isa = PBXVariantGroup;
			children = (
				5C14D11320597EC200169DBE /* Base */,
			);
			name = Main.storyboard;
			sourceTree = "<group>";
		};
		5C14D11A20597EC200169DBE /* LaunchScreen.storyboard */ = {
			isa = PBXVariantGroup;
			children = (
				5C14D11B20597EC200169DBE /* Base */,
			);
			name = LaunchScreen.storyboard;
			sourceTree = "<group>";
		};
/* End PBXVariantGroup section */

/* Begin XCBuildConfiguration section */
		5C14D13420597EC300169DBE /* Debug */ = {
			isa = XCBuildConfiguration;
			buildSettings = {
				ALWAYS_SEARCH_USER_PATHS = NO;
				CLANG_ANALYZER_NONNULL = YES;
				CLANG_ANALYZER_NUMBER_OBJECT_CONVERSION = YES_AGGRESSIVE;
				CLANG_CXX_LANGUAGE_STANDARD = "gnu++14";
				CLANG_CXX_LIBRARY = "libc++";
				CLANG_ENABLE_MODULES = YES;
				CLANG_ENABLE_OBJC_ARC = YES;
				CLANG_WARN_BLOCK_CAPTURE_AUTORELEASING = YES;
				CLANG_WARN_BOOL_CONVERSION = YES;
				CLANG_WARN_COMMA = YES;
				CLANG_WARN_CONSTANT_CONVERSION = YES;
				CLANG_WARN_DIRECT_OBJC_ISA_USAGE = YES_ERROR;
				CLANG_WARN_DOCUMENTATION_COMMENTS = YES;
				CLANG_WARN_EMPTY_BODY = YES;
				CLANG_WARN_ENUM_CONVERSION = YES;
				CLANG_WARN_INFINITE_RECURSION = YES;
				CLANG_WARN_INT_CONVERSION = YES;
				CLANG_WARN_NON_LITERAL_NULL_CONVERSION = YES;
				CLANG_WARN_OBJC_LITERAL_CONVERSION = YES;
				CLANG_WARN_OBJC_ROOT_CLASS = YES_ERROR;
				CLANG_WARN_RANGE_LOOP_ANALYSIS = YES;
				CLANG_WARN_STRICT_PROTOTYPES = YES;
				CLANG_WARN_SUSPICIOUS_MOVE = YES;
				CLANG_WARN_UNGUARDED_AVAILABILITY = YES_AGGRESSIVE;
				CLANG_WARN_UNREACHABLE_CODE = YES;
				CLANG_WARN__DUPLICATE_METHOD_MATCH = YES;
				CODE_SIGN_IDENTITY = "iPhone Developer";
				COPY_PHASE_STRIP = NO;
				DEBUG_INFORMATION_FORMAT = dwarf;
				ENABLE_STRICT_OBJC_MSGSEND = YES;
				ENABLE_TESTABILITY = YES;
				GCC_C_LANGUAGE_STANDARD = gnu11;
				GCC_DYNAMIC_NO_PIC = NO;
				GCC_NO_COMMON_BLOCKS = YES;
				GCC_OPTIMIZATION_LEVEL = 0;
				GCC_PREPROCESSOR_DEFINITIONS = (
					"DEBUG=1",
					"$(inherited)",
				);
				GCC_WARN_64_TO_32_BIT_CONVERSION = YES;
				GCC_WARN_ABOUT_RETURN_TYPE = YES_ERROR;
				GCC_WARN_UNDECLARED_SELECTOR = YES;
				GCC_WARN_UNINITIALIZED_AUTOS = YES_AGGRESSIVE;
				GCC_WARN_UNUSED_FUNCTION = YES;
				GCC_WARN_UNUSED_VARIABLE = YES;
				IPHONEOS_DEPLOYMENT_TARGET = 11.2;
				MTL_ENABLE_DEBUG_INFO = YES;
				ONLY_ACTIVE_ARCH = YES;
				SDKROOT = iphoneos;
				SWIFT_ACTIVE_COMPILATION_CONDITIONS = DEBUG;
				SWIFT_OPTIMIZATION_LEVEL = "-Onone";
			};
			name = Debug;
		};
		5C14D13520597EC300169DBE /* Release */ = {
			isa = XCBuildConfiguration;
			buildSettings = {
				ALWAYS_SEARCH_USER_PATHS = NO;
				CLANG_ANALYZER_NONNULL = YES;
				CLANG_ANALYZER_NUMBER_OBJECT_CONVERSION = YES_AGGRESSIVE;
				CLANG_CXX_LANGUAGE_STANDARD = "gnu++14";
				CLANG_CXX_LIBRARY = "libc++";
				CLANG_ENABLE_MODULES = YES;
				CLANG_ENABLE_OBJC_ARC = YES;
				CLANG_WARN_BLOCK_CAPTURE_AUTORELEASING = YES;
				CLANG_WARN_BOOL_CONVERSION = YES;
				CLANG_WARN_COMMA = YES;
				CLANG_WARN_CONSTANT_CONVERSION = YES;
				CLANG_WARN_DIRECT_OBJC_ISA_USAGE = YES_ERROR;
				CLANG_WARN_DOCUMENTATION_COMMENTS = YES;
				CLANG_WARN_EMPTY_BODY = YES;
				CLANG_WARN_ENUM_CONVERSION = YES;
				CLANG_WARN_INFINITE_RECURSION = YES;
				CLANG_WARN_INT_CONVERSION = YES;
				CLANG_WARN_NON_LITERAL_NULL_CONVERSION = YES;
				CLANG_WARN_OBJC_LITERAL_CONVERSION = YES;
				CLANG_WARN_OBJC_ROOT_CLASS = YES_ERROR;
				CLANG_WARN_RANGE_LOOP_ANALYSIS = YES;
				CLANG_WARN_STRICT_PROTOTYPES = YES;
				CLANG_WARN_SUSPICIOUS_MOVE = YES;
				CLANG_WARN_UNGUARDED_AVAILABILITY = YES_AGGRESSIVE;
				CLANG_WARN_UNREACHABLE_CODE = YES;
				CLANG_WARN__DUPLICATE_METHOD_MATCH = YES;
				CODE_SIGN_IDENTITY = "iPhone Developer";
				COPY_PHASE_STRIP = NO;
				DEBUG_INFORMATION_FORMAT = "dwarf-with-dsym";
				ENABLE_NS_ASSERTIONS = NO;
				ENABLE_STRICT_OBJC_MSGSEND = YES;
				GCC_C_LANGUAGE_STANDARD = gnu11;
				GCC_NO_COMMON_BLOCKS = YES;
				GCC_WARN_64_TO_32_BIT_CONVERSION = YES;
				GCC_WARN_ABOUT_RETURN_TYPE = YES_ERROR;
				GCC_WARN_UNDECLARED_SELECTOR = YES;
				GCC_WARN_UNINITIALIZED_AUTOS = YES_AGGRESSIVE;
				GCC_WARN_UNUSED_FUNCTION = YES;
				GCC_WARN_UNUSED_VARIABLE = YES;
				IPHONEOS_DEPLOYMENT_TARGET = 11.2;
				MTL_ENABLE_DEBUG_INFO = NO;
				SDKROOT = iphoneos;
				SWIFT_OPTIMIZATION_LEVEL = "-Owholemodule";
				VALIDATE_PRODUCT = YES;
			};
			name = Release;
		};
		5C14D13720597EC300169DBE /* Debug */ = {
			isa = XCBuildConfiguration;
			buildSettings = {
				ASSETCATALOG_COMPILER_APPICON_NAME = AppIcon;
				CODE_SIGN_STYLE = Automatic;
				INFOPLIST_FILE = EpitechEisenhower/Info.plist;
				LD_RUNPATH_SEARCH_PATHS = "$(inherited) @executable_path/Frameworks";
				PRODUCT_BUNDLE_IDENTIFIER = com.EpitechProject.EpitechEisenhower;
				PRODUCT_NAME = "$(TARGET_NAME)";
				SWIFT_VERSION = 4.0;
				TARGETED_DEVICE_FAMILY = "1,2";
			};
			name = Debug;
		};
		5C14D13820597EC300169DBE /* Release */ = {
			isa = XCBuildConfiguration;
			buildSettings = {
				ASSETCATALOG_COMPILER_APPICON_NAME = AppIcon;
				CODE_SIGN_STYLE = Automatic;
				INFOPLIST_FILE = EpitechEisenhower/Info.plist;
				LD_RUNPATH_SEARCH_PATHS = "$(inherited) @executable_path/Frameworks";
				PRODUCT_BUNDLE_IDENTIFIER = com.EpitechProject.EpitechEisenhower;
				PRODUCT_NAME = "$(TARGET_NAME)";
				SWIFT_VERSION = 4.0;
				TARGETED_DEVICE_FAMILY = "1,2";
			};
			name = Release;
		};
		5C14D13A20597EC300169DBE /* Debug */ = {
			isa = XCBuildConfiguration;
			buildSettings = {
				ALWAYS_EMBED_SWIFT_STANDARD_LIBRARIES = YES;
				BUNDLE_LOADER = "$(TEST_HOST)";
				CODE_SIGN_STYLE = Automatic;
				INFOPLIST_FILE = EpitechEisenhowerTests/Info.plist;
				LD_RUNPATH_SEARCH_PATHS = "$(inherited) @executable_path/Frameworks @loader_path/Frameworks";
				PRODUCT_BUNDLE_IDENTIFIER = com.EpitechProject.EpitechEisenhowerTests;
				PRODUCT_NAME = "$(TARGET_NAME)";
				SWIFT_VERSION = 4.0;
				TARGETED_DEVICE_FAMILY = "1,2";
				TEST_HOST = "$(BUILT_PRODUCTS_DIR)/EpitechEisenhower.app/EpitechEisenhower";
			};
			name = Debug;
		};
		5C14D13B20597EC300169DBE /* Release */ = {
			isa = XCBuildConfiguration;
			buildSettings = {
				ALWAYS_EMBED_SWIFT_STANDARD_LIBRARIES = YES;
				BUNDLE_LOADER = "$(TEST_HOST)";
				CODE_SIGN_STYLE = Automatic;
				INFOPLIST_FILE = EpitechEisenhowerTests/Info.plist;
				LD_RUNPATH_SEARCH_PATHS = "$(inherited) @executable_path/Frameworks @loader_path/Frameworks";
				PRODUCT_BUNDLE_IDENTIFIER = com.EpitechProject.EpitechEisenhowerTests;
				PRODUCT_NAME = "$(TARGET_NAME)";
				SWIFT_VERSION = 4.0;
				TARGETED_DEVICE_FAMILY = "1,2";
				TEST_HOST = "$(BUILT_PRODUCTS_DIR)/EpitechEisenhower.app/EpitechEisenhower";
			};
			name = Release;
		};
		5C14D13D20597EC300169DBE /* Debug */ = {
			isa = XCBuildConfiguration;
			buildSettings = {
				ALWAYS_EMBED_SWIFT_STANDARD_LIBRARIES = YES;
				CODE_SIGN_STYLE = Automatic;
				INFOPLIST_FILE = EpitechEisenhowerUITests/Info.plist;
				LD_RUNPATH_SEARCH_PATHS = "$(inherited) @executable_path/Frameworks @loader_path/Frameworks";
				PRODUCT_BUNDLE_IDENTIFIER = com.EpitechProject.EpitechEisenhowerUITests;
				PRODUCT_NAME = "$(TARGET_NAME)";
				SWIFT_VERSION = 4.0;
				TARGETED_DEVICE_FAMILY = "1,2";
				TEST_TARGET_NAME = EpitechEisenhower;
			};
			name = Debug;
		};
		5C14D13E20597EC300169DBE /* Release */ = {
			isa = XCBuildConfiguration;
			buildSettings = {
				ALWAYS_EMBED_SWIFT_STANDARD_LIBRARIES = YES;
				CODE_SIGN_STYLE = Automatic;
				INFOPLIST_FILE = EpitechEisenhowerUITests/Info.plist;
				LD_RUNPATH_SEARCH_PATHS = "$(inherited) @executable_path/Frameworks @loader_path/Frameworks";
				PRODUCT_BUNDLE_IDENTIFIER = com.EpitechProject.EpitechEisenhowerUITests;
				PRODUCT_NAME = "$(TARGET_NAME)";
				SWIFT_VERSION = 4.0;
				TARGETED_DEVICE_FAMILY = "1,2";
				TEST_TARGET_NAME = EpitechEisenhower;
			};
			name = Release;
		};
/* End XCBuildConfiguration section */

/* Begin XCConfigurationList section */
		5C14D10620597EC200169DBE /* Build configuration list for PBXProject "EpitechEisenhower" */ = {
			isa = XCConfigurationList;
			buildConfigurations = (
				5C14D13420597EC300169DBE /* Debug */,
				5C14D13520597EC300169DBE /* Release */,
			);
			defaultConfigurationIsVisible = 0;
			defaultConfigurationName = Release;
		};
		5C14D13620597EC300169DBE /* Build configuration list for PBXNativeTarget "EpitechEisenhower" */ = {
			isa = XCConfigurationList;
			buildConfigurations = (
				5C14D13720597EC300169DBE /* Debug */,
				5C14D13820597EC300169DBE /* Release */,
			);
			defaultConfigurationIsVisible = 0;
			defaultConfigurationName = Release;
		};
		5C14D13920597EC300169DBE /* Build configuration list for PBXNativeTarget "EpitechEisenhowerTests" */ = {
			isa = XCConfigurationList;
			buildConfigurations = (
				5C14D13A20597EC300169DBE /* Debug */,
				5C14D13B20597EC300169DBE /* Release */,
			);
			defaultConfigurationIsVisible = 0;
			defaultConfigurationName = Release;
		};
		5C14D13C20597EC300169DBE /* Build configuration list for PBXNativeTarget "EpitechEisenhowerUITests" */ = {
			isa = XCConfigurationList;
			buildConfigurations = (
				5C14D13D20597EC300169DBE /* Debug */,
				5C14D13E20597EC300169DBE /* Release */,
			);
			defaultConfigurationIsVisible = 0;
			defaultConfigurationName = Release;
		};
/* End XCConfigurationList section */

/* Begin XCVersionGroup section */
		5C14D11520597EC200169DBE /* EpitechEisenhower.xcdatamodeld */ = {
			isa = XCVersionGroup;
			children = (
				5C14D11620597EC200169DBE /* EpitechEisenhower.xcdatamodel */,
			);
			currentVersion = 5C14D11620597EC200169DBE /* EpitechEisenhower.xcdatamodel */;
			path = EpitechEisenhower.xcdatamodeld;
			sourceTree = "<group>";
			versionGroupType = wrapper.xcdatamodel;
		};
/* End XCVersionGroup section */
	};
	rootObject = 5C14D10320597EC200169DBE /* Project object */;
}
